
Microsoft Visual Studio Solution File, Format Version 12.00
# Visual Studio Version 16
VisualStudioVersion = 16.0.30204.135
MinimumVisualStudioVersion = 10.0.40219.1
Project("{34036844-64E7-43A5-9151-4AD90E180989}") = "EdgeIdentityApp", "EdgeIdentityApp\EdgeIdentityApp.iotedgeproj", "{B182607C-D5F8-4957-8BC7-452561C953A2}"
EndProject
Project("{9A19103F-16F7-4668-BE54-9A1E7A4F7556}") = "IdentityModule", "IdentityModule\IdentityModule.csproj", "{685DADF3-60BA-42F3-A726-23023ADE97FF}"
EndProject
Project("{9A19103F-16F7-4668-BE54-9A1E7A4F7556}") = "IoTModuleAADIdentityManagement", "IoTModuleAADIdentityManagement\IoTModuleAADIdentityManagement.csproj", "{50C5EEA3-636F-4A1E-96C9-F48E97B0EB06}"
EndProject
Project("{FAE04EC0-301F-11D3-BF4B-00C04F79EFBC}") = "IoTModuleAADIdentityCommon", "IoTModuleAADIdentityCommon\IoTModuleAADIdentityCommon.csproj", "{58887B90-FD5A-4C7C-BF21-336CE4AD7D92}"
EndProject
Global
	GlobalSection(SolutionConfigurationPlatforms) = preSolution
		Debug|Any CPU = Debug|Any CPU
		Release|Any CPU = Release|Any CPU
	EndGlobalSection
	GlobalSection(ProjectConfigurationPlatforms) = postSolution
		{B182607C-D5F8-4957-8BC7-452561C953A2}.Debug|Any CPU.ActiveCfg = Debug|Any CPU
		{B182607C-D5F8-4957-8BC7-452561C953A2}.Debug|Any CPU.Build.0 = Debug|Any CPU
		{B182607C-D5F8-4957-8BC7-452561C953A2}.Release|Any CPU.ActiveCfg = Release|Any CPU
		{B182607C-D5F8-4957-8BC7-452561C953A2}.Release|Any CPU.Build.0 = Release|Any CPU
		{685DADF3-60BA-42F3-A726-23023ADE97FF}.Debug|Any CPU.ActiveCfg = Debug|Any CPU
		{685DADF3-60BA-42F3-A726-23023ADE97FF}.Debug|Any CPU.Build.0 = Debug|Any CPU
		{685DADF3-60BA-42F3-A726-23023ADE97FF}.Release|Any CPU.ActiveCfg = Release|Any CPU
		{685DADF3-60BA-42F3-A726-23023ADE97FF}.Release|Any CPU.Build.0 = Release|Any CPU
		{50C5EEA3-636F-4A1E-96C9-F48E97B0EB06}.Debug|Any CPU.ActiveCfg = Debug|Any CPU
		{50C5EEA3-636F-4A1E-96C9-F48E97B0EB06}.Debug|Any CPU.Build.0 = Debug|Any CPU
		{50C5EEA3-636F-4A1E-96C9-F48E97B0EB06}.Release|Any CPU.ActiveCfg = Release|Any CPU
		{50C5EEA3-636F-4A1E-96C9-F48E97B0EB06}.Release|Any CPU.Build.0 = Release|Any CPU
		{58887B90-FD5A-4C7C-BF21-336CE4AD7D92}.Debug|Any CPU.ActiveCfg = Debug|Any CPU
		{58887B90-FD5A-4C7C-BF21-336CE4AD7D92}.Debug|Any CPU.Build.0 = Debug|Any CPU
		{58887B90-FD5A-4C7C-BF21-336CE4AD7D92}.Release|Any CPU.ActiveCfg = Release|Any CPU
		{58887B90-FD5A-4C7C-BF21-336CE4AD7D92}.Release|Any CPU.Build.0 = Release|Any CPU
	EndGlobalSection
	GlobalSection(SolutionProperties) = preSolution
		HideSolutionNode = FALSE
	EndGlobalSection
	GlobalSection(ExtensibilityGlobals) = postSolution
		SolutionGuid = {14BE5385-9D0D-4099-9740-F2442B3864BC}
	EndGlobalSection
EndGlobal
